// !$*UTF8*$!
{
	archiveVersion = 1;
	classes = {
	};
	objectVersion = 46;
	objects = {

/* Begin PBXBuildFile section */
		470C2B761F67846800D31190 /* AppDelegate.swift in Sources */ = {isa = PBXBuildFile; fileRef = 470C2B751F67846800D31190 /* AppDelegate.swift */; };
		470C2B781F67846800D31190 /* ViewController.swift in Sources */ = {isa = PBXBuildFile; fileRef = 470C2B771F67846800D31190 /* ViewController.swift */; };
		470C2B7B1F67846800D31190 /* Main.storyboard in Resources */ = {isa = PBXBuildFile; fileRef = 470C2B791F67846800D31190 /* Main.storyboard */; };
		470C2B7D1F67846800D31190 /* Assets.xcassets in Resources */ = {isa = PBXBuildFile; fileRef = 470C2B7C1F67846800D31190 /* Assets.xcassets */; };
		470C2B801F67846800D31190 /* LaunchScreen.storyboard in Resources */ = {isa = PBXBuildFile; fileRef = 470C2B7E1F67846800D31190 /* LaunchScreen.storyboard */; };
/* End PBXBuildFile section */

/* Begin PBXFileReference section */
		470C2B721F67846800D31190 /* PostWeiboAnimation.app */ = {isa = PBXFileReference; explicitFileType = wrapper.application; includeInIndex = 0; path = PostWeiboAnimation.app; sourceTree = BUILT_PRODUCTS_DIR; };
		470C2B751F67846800D31190 /* AppDelegate.swift */ = {isa = PBXFileReference; lastKnownFileType = sourcecode.swift; path = AppDelegate.swift; sourceTree = "<group>"; };
		470C2B771F67846800D31190 /* ViewController.swift */ = {isa = PBXFileReference; lastKnownFileType = sourcecode.swift; path = ViewController.swift; sourceTree = "<group>"; };
		470C2B7A1F67846800D31190 /* Base */ = {isa = PBXFileReference; lastKnownFileType = file.storyboard; name = Base; path = Base.lproj/Main.storyboard; sourceTree = "<group>"; };
		470C2B7C1F67846800D31190 /* Assets.xcassets */ = {isa = PBXFileReference; lastKnownFileType = folder.assetcatalog; path = Assets.xcassets; sourceTree = "<group>"; };
		470C2B7F1F67846800D31190 /* Base */ = {isa = PBXFileReference; lastKnownFileType = file.storyboard; name = Base; path = Base.lproj/LaunchScreen.storyboard; sourceTree = "<group>"; };
		470C2B811F67846800D31190 /* Info.plist */ = {isa = PBXFileReference; lastKnownFileType = text.plist.xml; path = Info.plist; sourceTree = "<group>"; };
/* End PBXFileReference section */

/* Begin PBXFrameworksBuildPhase section */
		470C2B6F1F67846800D31190 /* Frameworks */ = {
			isa = PBXFrameworksBuildPhase;
			buildActionMask = 2147483647;
			files = (
			);
			runOnlyForDeploymentPostprocessing = 0;
		};
/* End PBXFrameworksBuildPhase section */

/* Begin PBXGroup section */
		470C2B691F67846800D31190 = {
			isa = PBXGroup;
			children = (
				470C2B741F67846800D31190 /* PostWeiboAnimation */,
				470C2B731F67846800D31190 /* Products */,
			);
			sourceTree = "<group>";
		};
		470C2B731F67846800D31190 /* Products */ = {
			isa = PBXGroup;
			children = (
				470C2B721F67846800D31190 /* PostWeiboAnimation.app */,
			);
			name = Products;
			sourceTree = "<group>";
		};
		470C2B741F67846800D31190 /* PostWeiboAnimation */ = {
			isa = PBXGroup;
			children = (
				470C2B751F67846800D31190 /* AppDelegate.swift */,
				470C2B771F67846800D31190 /* ViewController.swift */,
				470C2B791F67846800D31190 /* Main.storyboard */,
				470C2B7C1F67846800D31190 /* Assets.xcassets */,
				470C2B7E1F67846800D31190 /* LaunchScreen.storyboard */,
				470C2B811F67846800D31190 /* Info.plist */,
			);
			path = PostWeiboAnimation;
			sourceTree = "<group>";
		};
/* End PBXGroup section */

/* Begin PBXNativeTarget section */
		470C2B711F67846800D31190 /* PostWeiboAnimation */ = {
			isa = PBXNativeTarget;
			buildConfigurationList = 470C2B841F67846800D31190 /* Build configuration list for PBXNativeTarget "PostWeiboAnimation" */;
			buildPhases = (
				470C2B6E1F67846800D31190 /* Sources */,
				470C2B6F1F67846800D31190 /* Frameworks */,
				470C2B701F67846800D31190 /* Resources */,
			);
			buildRules = (
			);
			dependencies = (
			);
			name = PostWeiboAnimation;
			productName = PostWeiboAnimation;
			productReference = 470C2B721F67846800D31190 /* PostWeiboAnimation.app */;
			productType = "com.apple.product-type.application";
		};
/* End PBXNativeTarget section */

/* Begin PBXProject section */
		470C2B6A1F67846800D31190 /* Project object */ = {
			isa = PBXProject;
			attributes = {
				LastSwiftUpdateCheck = 0830;
				LastUpgradeCheck = 0830;
				ORGANIZATIONNAME = szd;
				TargetAttributes = {
					470C2B711F67846800D31190 = {
						CreatedOnToolsVersion = 8.3.3;
						ProvisioningStyle = Automatic;
					};
				};
			};
			buildConfigurationList = 470C2B6D1F67846800D31190 /* Build configuration list for PBXProject "PostWeiboAnimation" */;
			compatibilityVersion = "Xcode 3.2";
			developmentRegion = English;
			hasScannedForEncodings = 0;
			knownRegions = (
				en,
				Base,
			);
			mainGroup = 470C2B691F67846800D31190;
			productRefGroup = 470C2B731F67846800D31190 /* Products */;
			projectDirPath = "";
			projectRoot = "";
			targets = (
				470C2B711F67846800D31190 /* PostWeiboAnimation */,
			);
		};
/* End PBXProject section */

/* Begin PBXResourcesBuildPhase section */
		470C2B701F67846800D31190 /* Resources */ = {
			isa = PBXResourcesBuildPhase;
			buildActionMask = 2147483647;
			files = (
				470C2B801F67846800D31190 /* LaunchScreen.storyboard in Resources */,
				470C2B7D1F67846800D31190 /* Assets.xcassets in Resources */,
				470C2B7B1F67846800D31190 /* Main.storyboard in Resources */,
			);
			runOnlyForDeploymentPostprocessing = 0;
		};
/* End PBXResourcesBuildPhase section */

/* Begin PBXSourcesBuildPhase section */
		470C2B6E1F67846800D31190 /* Sources */ = {
			isa = PBXSourcesBuildPhase;
			buildActionMask = 2147483647;
			files = (
				470C2B781F67846800D31190 /* ViewController.swift in Sources */,
				470C2B761F67846800D31190 /* AppDelegate.swift in Sources */,
			);
			runOnlyForDeploymentPostprocessing = 0;
		};
/* End PBXSourcesBuildPhase section */

/* Begin PBXVariantGroup section */
		470C2B791F67846800D31190 /* Main.storyboard */ = {
			isa = PBXVariantGroup;
			children = (
				470C2B7A1F67846800D31190 /* Base */,
			);
			name = Main.storyboard;
			sourceTree = "<group>";
		};
		470C2B7E1F67846800D31190 /* LaunchScreen.storyboard */ = {
			isa = PBXVariantGroup;
			children = (
				470C2B7F1F67846800D31190 /* Base */,
			);
			name = LaunchScreen.storyboard;
			sourceTree = "<group>";
		};
/* End PBXVariantGroup section */

/* Begin XCBuildConfiguration section */
		470C2B821F67846800D31190 /* Debug */ = {
			isa = XCBuildConfiguration;
			buildSettings = {
				ALWAYS_SEARCH_USER_PATHS = NO;
				CLANG_ANALYZER_NONNULL = YES;
				CLANG_ANALYZER_NUMBER_OBJECT_CONVERSION = YES_AGGRESSIVE;
				CLANG_CXX_LANGUAGE_STANDARD = "gnu++0x";
				CLANG_CXX_LIBRARY = "libc++";
				CLANG_ENABLE_MODULES = YES;
				CLANG_ENABLE_OBJC_ARC = YES;
				CLANG_WARN_BOOL_CONVERSION = YES;
				CLANG_WARN_CONSTANT_CONVERSION = YES;
				CLANG_WARN_DIRECT_OBJC_ISA_USAGE = YES_ERROR;
				CLANG_WARN_DOCUMENTATION_COMMENTS = YES;
				CLANG_WARN_EMPTY_BODY = YES;
				CLANG_WARN_ENUM_CONVERSION = YES;
				CLANG_WARN_INFINITE_RECURSION = YES;
				CLANG_WARN_INT_CONVERSION = YES;
				CLANG_WARN_OBJC_ROOT_CLASS = YES_ERROR;
				CLANG_WARN_SUSPICIOUS_MOVE = YES;
				CLANG_WARN_UNREACHABLE_CODE = YES;
				CLANG_WARN__DUPLICATE_METHOD_MATCH = YES;
				"CODE_SIGN_IDENTITY[sdk=iphoneos*]" = "iPhone Developer";
				COPY_PHASE_STRIP = NO;
				DEBUG_INFORMATION_FORMAT = dwarf;
				ENABLE_STRICT_OBJC_MSGSEND = YES;
				ENABLE_TESTABILITY = YES;
				GCC_C_LANGUAGE_STANDARD = gnu99;
				GCC_DYNAMIC_NO_PIC = NO;
				GCC_NO_COMMON_BLOCKS = YES;
				GCC_OPTIMIZATION_LEVEL = 0;
				GCC_PREPROCESSOR_DEFINITIONS = (
					"DEBUG=1",
					"$(inherited)",
				);
				GCC_WARN_64_TO_32_BIT_CONVERSION = YES;
				GCC_WARN_ABOUT_RETURN_TYPE = YES_ERROR;
				GCC_WARN_UNDECLARED_SELECTOR = YES;
				GCC_WARN_UNINITIALIZED_AUTOS = YES_AGGRESSIVE;
				GCC_WARN_UNUSED_FUNCTION = YES;
				GCC_WARN_UNUSED_VARIABLE = YES;
				IPHONEOS_DEPLOYMENT_TARGET = 10.3;
				MTL_ENABLE_DEBUG_INFO = YES;
				ONLY_ACTIVE_ARCH = YES;
				SDKROOT = iphoneos;
				SWIFT_ACTIVE_COMPILATION_CONDITIONS = DEBUG;
				SWIFT_OPTIMIZATION_LEVEL = "-Onone";
				TARGETED_DEVICE_FAMILY = "1,2";
			};
			name = Debug;
		};
		470C2B831F67846800D31190 /* Release */ = {
			isa = XCBuildConfiguration;
			buildSettings = {
				ALWAYS_SEARCH_USER_PATHS = NO;
				CLANG_ANALYZER_NONNULL = YES;
				CLANG_ANALYZER_NUMBER_OBJECT_CONVERSION = YES_AGGRESSIVE;
				CLANG_CXX_LANGUAGE_STANDARD = "gnu++0x";
				CLANG_CXX_LIBRARY = "libc++";
				CLANG_ENABLE_MODULES = YES;
				CLANG_ENABLE_OBJC_ARC = YES;
				CLANG_WARN_BOOL_CONVERSION = YES;
				CLANG_WARN_CONSTANT_CONVERSION = YES;
				CLANG_WARN_DIRECT_OBJC_ISA_USAGE = YES_ERROR;
				CLANG_WARN_DOCUMENTATION_COMMENTS = YES;
				CLANG_WARN_EMPTY_BODY = YES;
				CLANG_WARN_ENUM_CONVERSION = YES;
				CLANG_WARN_INFINITE_RECURSION = YES;
				CLANG_WARN_INT_CONVERSION = YES;
				CLANG_WARN_OBJC_ROOT_CLASS = YES_ERROR;
				CLANG_WARN_SUSPICIOUS_MOVE = YES;
				CLANG_WARN_UNREACHABLE_CODE = YES;
				CLANG_WARN__DUPLICATE_METHOD_MATCH = YES;
				"CODE_SIGN_IDENTITY[sdk=iphoneos*]" = "iPhone Developer";
				COPY_PHASE_STRIP = NO;
				DEBUG_INFORMATION_FORMAT = "dwarf-with-dsym";
				ENABLE_NS_ASSERTIONS = NO;
				ENABLE_STRICT_OBJC_MSGSEND = YES;
				GCC_C_LANGUAGE_STANDARD = gnu99;
				GCC_NO_COMMON_BLOCKS = YES;
				GCC_WARN_64_TO_32_BIT_CONVERSION = YES;
				GCC_WARN_ABOUT_RETURN_TYPE = YES_ERROR;
				GCC_WARN_UNDECLARED_SELECTOR = YES;
				GCC_WARN_UNINITIALIZED_AUTOS = YES_AGGRESSIVE;
				GCC_WARN_UNUSED_FUNCTION = YES;
				GCC_WARN_UNUSED_VARIABLE = YES;
				IPHONEOS_DEPLOYMENT_TARGET = 10.3;
				MTL_ENABLE_DEBUG_INFO = NO;
				SDKROOT = iphoneos;
				SWIFT_OPTIMIZATION_LEVEL = "-Owholemodule";
				TARGETED_DEVICE_FAMILY = "1,2";
				VALIDATE_PRODUCT = YES;
			};
			name = Release;
		};
		470C2B851F67846800D31190 /* Debug */ = {
			isa = XCBuildConfiguration;
			buildSettings = {
				ASSETCATALOG_COMPILER_APPICON_NAME = AppIcon;
				INFOPLIST_FILE = PostWeiboAnimation/Info.plist;
				IPHONEOS_DEPLOYMENT_TARGET = 8.0;
				LD_RUNPATH_SEARCH_PATHS = "$(inherited) @executable_path/Frameworks";
				PRODUCT_BUNDLE_IDENTIFIER = com.turbo.PostWeiboAnimation;
				PRODUCT_NAME = "$(TARGET_NAME)";
				SWIFT_VERSION = 3.0;
			};
			name = Debug;
		};
		470C2B861F67846800D31190 /* Release */ = {
			isa = XCBuildConfiguration;
			buildSettings = {
				ASSETCATALOG_COMPILER_APPICON_NAME = AppIcon;
				INFOPLIST_FILE = PostWeiboAnimation/Info.plist;
				IPHONEOS_DEPLOYMENT_TARGET = 8.0;
				LD_RUNPATH_SEARCH_PATHS = "$(inherited) @executable_path/Frameworks";
				PRODUCT_BUNDLE_IDENTIFIER = com.turbo.PostWeiboAnimation;
				PRODUCT_NAME = "$(TARGET_NAME)";
				SWIFT_VERSION = 3.0;
			};
			name = Release;
		};
/* End XCBuildConfiguration section */

/* Begin XCConfigurationList section */
		470C2B6D1F67846800D31190 /* Build configuration list for PBXProject "PostWeiboAnimation" */ = {
			isa = XCConfigurationList;
			buildConfigurations = (
				470C2B821F67846800D31190 /* Debug */,
				470C2B831F67846800D31190 /* Release */,
			);
			defaultConfigurationIsVisible = 0;
			defaultConfigurationName = Release;
		};
		470C2B841F67846800D31190 /* Build configuration list for PBXNativeTarget "PostWeiboAnimation" */ = {
			isa = XCConfigurationList;
			buildConfigurations = (
				470C2B851F67846800D31190 /* Debug */,
				470C2B861F67846800D31190 /* Release */,
			);
			defaultConfigurationIsVisible = 0;
		};
/* End XCConfigurationList section */
	};
	rootObject = 470C2B6A1F67846800D31190 /* Project object */;
}
